{
  "name": "JS",
  "version": "1.0.0",
  "lockfileVersion": 1,
  "requires": true,
  "dependencies": {
    "deeks": {
      "version": "2.2.5",
      "resolved": "https://registry.npmjs.org/deeks/-/deeks-2.2.5.tgz",
      "integrity": "sha512-a4N/8uC+OGAmr0pmqaF6ZikBIO3c4cLqLARoOkI0qFH/FXL2rcbvh/fUZmKhdEH0fDbwU5WblV+mn4o8sc9y/A=="
    },
    "doc-path": {
      "version": "2.0.3",
      "resolved": "https://registry.npmjs.org/doc-path/-/doc-path-2.0.3.tgz",
      "integrity": "sha512-Wex5OlidOT7esfbuLxtUiDHnG2er5UaKzMbUW2Ns9nRrsx+DmEXdHwXb0+jp+FTKmjE9i6bgrwRakT+YcobjEg=="
    },
    "json-2-csv": {
      "version": "3.7.0",
      "resolved": "https://registry.npmjs.org/json-2-csv/-/json-2-csv-3.7.0.tgz",
      "integrity": "sha512-3MZoyknul6W66uhJ0jZx3MQ9Q4ars7NNy8db/XhvcFNsqrRrKMoTeTYCnm7CH1YuZ9SmB8iNcU8s1KXACSgnxg==",
      "requires": {
        "deeks": "2.2.5",
        "doc-path": "2.0.3"
      }
    }
  }
}
