# THIS IS AN AUTOGENERATED FILE. DO NOT EDIT THIS FILE DIRECTLY.
# yarn lockfile v1


deeks@2.6.1:
  version "2.6.1"
  resolved "https://registry.yarnpkg.com/deeks/-/deeks-2.6.1.tgz#ee852ab76d5b4ca4bcfda34ba55660c40b92f505"
  integrity sha512-PZrpz5xLo2JPZa3L+kqMMMdZU5pRwMysTM1xd6pLhNtgQw4Iq3wbF2QWaQTVh+HRq9Yg4rcjDIJ+scfGLxmsjQ==

doc-path@3.1.0:
  version "3.1.0"
  resolved "https://registry.yarnpkg.com/doc-path/-/doc-path-3.1.0.tgz#4e1b5ba445d02e6b8f5bc122e8af43e659463d14"
  integrity sha512-Pv2hLQbUM8du5681lTWIYk0OtVBmNhMAeZNGeFhMMJBIR89Nw4XesBwee1Xtlfk83n71tn0Y6VsJOn4d3qIiTw==

json-2-csv@^3.7.0:
  version "3.20.0"
  resolved "https://registry.yarnpkg.com/json-2-csv/-/json-2-csv-3.20.0.tgz#8d9a7ad8a296016dbeb43eb76c03e66ac26d9136"
  integrity sha512-IbqUB+yaycVNB/q2fiY5kyRjy5kRiEXqvNvGlxM5L0Bfi0RdvklVHc4t9MfeYF1GsZVpZWDBs9LdWmSjsQ8jvg==
  dependencies:
    deeks "2.6.1"
    doc-path "3.1.0"
